
Microsoft Visual Studio Solution File, Format Version 12.00
# Visual Studio Version 16
VisualStudioVersion = 16.0.28803.452
MinimumVisualStudioVersion = 10.0.40219.1
Project("{8BC9CEB8-8B4A-11D0-8D11-00A0C91BC942}") = "SQARDatabase", "SQARDatabase.vcxproj", "{CF39AC82-1B78-4DE2-8225-3F4B93CF5EFF}"
EndProject
Project("{FAE04EC0-301F-11D3-BF4B-00C04F79EFBC}") = "SQARDatabaseTest", "SQARDatabaseTest\SQARDatabaseTest.csproj", "{82A62CE3-F0C9-4A37-8452-80089400DA35}"
EndProject
Global
	GlobalSection(SolutionConfigurationPlatforms) = preSolution
		Debug|Any CPU = Debug|Any CPU
		Debug|x64 = Debug|x64
		Debug|x86 = Debug|x86
		Release|Any CPU = Release|Any CPU
		Release|x64 = Release|x64
		Release|x86 = Release|x86
	EndGlobalSection
	GlobalSection(ProjectConfigurationPlatforms) = postSolution
		{CF39AC82-1B78-4DE2-8225-3F4B93CF5EFF}.Debug|Any CPU.ActiveCfg = Debug|Win32
		{CF39AC82-1B78-4DE2-8225-3F4B93CF5EFF}.Debug|x64.ActiveCfg = Debug|x64
		{CF39AC82-1B78-4DE2-8225-3F4B93CF5EFF}.Debug|x64.Build.0 = Debug|x64
		{CF39AC82-1B78-4DE2-8225-3F4B93CF5EFF}.Debug|x86.ActiveCfg = Debug|Win32
		{CF39AC82-1B78-4DE2-8225-3F4B93CF5EFF}.Debug|x86.Build.0 = Debug|Win32
		{CF39AC82-1B78-4DE2-8225-3F4B93CF5EFF}.Release|Any CPU.ActiveCfg = Release|Win32
		{CF39AC82-1B78-4DE2-8225-3F4B93CF5EFF}.Release|x64.ActiveCfg = Release|x64
		{CF39AC82-1B78-4DE2-8225-3F4B93CF5EFF}.Release|x64.Build.0 = Release|x64
		{CF39AC82-1B78-4DE2-8225-3F4B93CF5EFF}.Release|x86.ActiveCfg = Release|Win32
		{CF39AC82-1B78-4DE2-8225-3F4B93CF5EFF}.Release|x86.Build.0 = Release|Win32
		{82A62CE3-F0C9-4A37-8452-80089400DA35}.Debug|Any CPU.ActiveCfg = Debug|Any CPU
		{82A62CE3-F0C9-4A37-8452-80089400DA35}.Debug|Any CPU.Build.0 = Debug|Any CPU
		{82A62CE3-F0C9-4A37-8452-80089400DA35}.Debug|x64.ActiveCfg = Debug|Any CPU
		{82A62CE3-F0C9-4A37-8452-80089400DA35}.Debug|x64.Build.0 = Debug|Any CPU
		{82A62CE3-F0C9-4A37-8452-80089400DA35}.Debug|x86.ActiveCfg = Debug|Any CPU
		{82A62CE3-F0C9-4A37-8452-80089400DA35}.Debug|x86.Build.0 = Debug|Any CPU
		{82A62CE3-F0C9-4A37-8452-80089400DA35}.Release|Any CPU.ActiveCfg = Release|Any CPU
		{82A62CE3-F0C9-4A37-8452-80089400DA35}.Release|Any CPU.Build.0 = Release|Any CPU
		{82A62CE3-F0C9-4A37-8452-80089400DA35}.Release|x64.ActiveCfg = Release|Any CPU
		{82A62CE3-F0C9-4A37-8452-80089400DA35}.Release|x64.Build.0 = Release|Any CPU
		{82A62CE3-F0C9-4A37-8452-80089400DA35}.Release|x86.ActiveCfg = Release|Any CPU
		{82A62CE3-F0C9-4A37-8452-80089400DA35}.Release|x86.Build.0 = Release|Any CPU
	EndGlobalSection
	GlobalSection(SolutionProperties) = preSolution
		HideSolutionNode = FALSE
	EndGlobalSection
	GlobalSection(ExtensibilityGlobals) = postSolution
		SolutionGuid = {10113968-9C62-4E67-A781-5D8A7C5D393A}
	EndGlobalSection
EndGlobal
