<?xml version="1.0" encoding="utf-8"?>
<Project ToolsVersion="4.0" xmlns="http://schemas.microsoft.com/developer/msbuild/2003">
  <ItemGroup>
    <Filter Include="Source Files">
      <UniqueIdentifier>{4FC737F1-C7A5-4376-A066-2A32D752A2FF}</UniqueIdentifier>
      <Extensions>cpp;c;cc;cxx;def;odl;idl;hpj;bat;asm;asmx</Extensions>
    </Filter>
    <Filter Include="Header Files">
      <UniqueIdentifier>{93995380-89BD-4b04-88EB-625FBE52EBFB}</UniqueIdentifier>
      <Extensions>h;hh;hpp;hxx;hm;inl;inc;ipp;xsd</Extensions>
    </Filter>
    <Filter Include="Header Files\Data">
      <UniqueIdentifier>{e2b7216d-33da-4719-bf83-dc682600d90d}</UniqueIdentifier>
    </Filter>
    <Filter Include="Source Files\Data">
      <UniqueIdentifier>{69e966f5-1341-46c0-83e4-a5a35af9e7f8}</UniqueIdentifier>
    </Filter>
    <Filter Include="Source Files\Data\Hashing">
      <UniqueIdentifier>{925290af-b7c4-4656-9cf0-75e39e481dbd}</UniqueIdentifier>
    </Filter>
    <Filter Include="Header Files\Data\Hashing">
      <UniqueIdentifier>{cd094cae-1b72-4d43-ac81-0514f987da17}</UniqueIdentifier>
    </Filter>
    <Filter Include="Header Files\Fs">
      <UniqueIdentifier>{184729eb-1058-4e98-b3da-bc76fdb738c8}</UniqueIdentifier>
    </Filter>
    <Filter Include="Source Files\Fs">
      <UniqueIdentifier>{33836b38-4317-4f65-abaf-e4c7ee924e7f}</UniqueIdentifier>
    </Filter>
    <Filter Include="Source Files\Fs\Fpk">
      <UniqueIdentifier>{07aa3122-5221-464b-8961-1890689d5eea}</UniqueIdentifier>
    </Filter>
    <Filter Include="Source Files\Fs\Sqar">
      <UniqueIdentifier>{358c20cd-6e42-48fc-a0d2-61db3796b871}</UniqueIdentifier>
    </Filter>
    <Filter Include="Header Files\Fs\Fpk">
      <UniqueIdentifier>{9ac1d034-9607-4e94-9dbc-fb3e8f9ca9e3}</UniqueIdentifier>
    </Filter>
    <Filter Include="Header Files\Fs\Sqar">
      <UniqueIdentifier>{bb04a0a9-3cf4-4c61-a8ae-0718017c70a1}</UniqueIdentifier>
    </Filter>
  </ItemGroup>
  <ItemGroup>
    <ClCompile Include="Sqar.cpp">
      <Filter>Source Files\Fs\Sqar</Filter>
    </ClCompile>
    <ClCompile Include="SqarFile.cpp">
      <Filter>Source Files\Fs\Sqar</Filter>
    </ClCompile>
    <ClCompile Include="MD5.cpp">
      <Filter>Source Files\Data</Filter>
    </ClCompile>
    <ClCompile Include="Hashing.cpp">
      <Filter>Source Files\Data\Hashing</Filter>
    </ClCompile>
    <ClCompile Include="city.cc">
      <Filter>Source Files\Data\Hashing</Filter>
    </ClCompile>
    <ClCompile Include="Fpk.cpp">
      <Filter>Source Files\Fs\Fpk</Filter>
    </ClCompile>
    <ClCompile Include="FpkEntry.cpp">
      <Filter>Source Files\Fs\Fpk</Filter>
    </ClCompile>
    <ClCompile Include="IO.cpp">
      <Filter>Source Files\Fs</Filter>
    </ClCompile>
    <ClCompile Include="PInvoke.cpp">
      <Filter>Source Files</Filter>
    </ClCompile>
    <ClCompile Include="main.cpp" />
  </ItemGroup>
  <ItemGroup>
    <ClInclude Include="pch.h">
      <Filter>Header Files</Filter>
    </ClInclude>
    <ClInclude Include="Sqar.h">
      <Filter>Header Files\Fs\Sqar</Filter>
    </ClInclude>
    <ClInclude Include="SqarFile.h">
      <Filter>Header Files\Fs\Sqar</Filter>
    </ClInclude>
    <ClInclude Include="MD5.h">
      <Filter>Header Files\Data</Filter>
    </ClInclude>
    <ClInclude Include="bytell_hash_map.h">
      <Filter>Header Files\Data</Filter>
    </ClInclude>
    <ClInclude Include="flat_hash_map.h">
      <Filter>Header Files\Data</Filter>
    </ClInclude>
    <ClInclude Include="Hashing.h">
      <Filter>Header Files\Data\Hashing</Filter>
    </ClInclude>
    <ClInclude Include="city.h">
      <Filter>Header Files\Data\Hashing</Filter>
    </ClInclude>
    <ClInclude Include="Fpk.h">
      <Filter>Header Files\Fs\Fpk</Filter>
    </ClInclude>
    <ClInclude Include="FpkEntry.h">
      <Filter>Header Files\Fs\Fpk</Filter>
    </ClInclude>
    <ClInclude Include="IO.h">
      <Filter>Header Files\Fs</Filter>
    </ClInclude>
    <ClInclude Include="PInvoke.h">
      <Filter>Header Files</Filter>
    </ClInclude>
  </ItemGroup>
</Project>