
Microsoft Visual Studio Solution File, Format Version 12.00
# Visual Studio Version 16
VisualStudioVersion = 16.0.28803.452
MinimumVisualStudioVersion = 10.0.40219.1
Project("{8BC9CEB8-8B4A-11D0-8D11-00A0C91BC942}") = "SQARDatabase", "SQARDatabase.vcxproj", "{CF39AC82-1B78-4DE2-8225-3F4B93CF5EFF}"
EndProject
Global
	GlobalSection(SolutionConfigurationPlatforms) = preSolution
		Debug|x64 = Debug|x64
		Release|x64 = Release|x64
	EndGlobalSection
	GlobalSection(ProjectConfigurationPlatforms) = postSolution
		{CF39AC82-1B78-4DE2-8225-3F4B93CF5EFF}.Debug|x64.ActiveCfg = Debug|x64
		{CF39AC82-1B78-4DE2-8225-3F4B93CF5EFF}.Debug|x64.Build.0 = Debug|x64
		{CF39AC82-1B78-4DE2-8225-3F4B93CF5EFF}.Release|x64.ActiveCfg = Release|x64
		{CF39AC82-1B78-4DE2-8225-3F4B93CF5EFF}.Release|x64.Build.0 = Release|x64
	EndGlobalSection
	GlobalSection(SolutionProperties) = preSolution
		HideSolutionNode = FALSE
	EndGlobalSection
	GlobalSection(ExtensibilityGlobals) = postSolution
		SolutionGuid = {10113968-9C62-4E67-A781-5D8A7C5D393A}
	EndGlobalSection
EndGlobal
