Microsoft Visual Studio Solution File, Format Version 12.00
# Visual Studio 16
Project("{8BC9CEB8-8B4A-11D0-8D11-00A0C91BC942}") = "ALL_BUILD", "ALL_BUILD.vcxproj", "{CFBA810B-439F-353D-9698-CB4A220DA83F}"
	ProjectSection(ProjectDependencies) = postProject
		{F4AFABEB-367A-3E2F-A9FB-AA90A695647E} = {F4AFABEB-367A-3E2F-A9FB-AA90A695647E}
		{FD55FD48-5708-36D9-BB41-F4DF16BED161} = {FD55FD48-5708-36D9-BB41-F4DF16BED161}
		{6C1A44ED-9E28-3783-93C3-54D1F167B4A1} = {6C1A44ED-9E28-3783-93C3-54D1F167B4A1}
		{DEE559AF-6B50-3B56-9F52-E60B8A409BF8} = {DEE559AF-6B50-3B56-9F52-E60B8A409BF8}
		{00CEDF58-82D3-3DD3-B965-0D8DCFBB8E2B} = {00CEDF58-82D3-3DD3-B965-0D8DCFBB8E2B}
	EndProjectSection
EndProject
Project("{8BC9CEB8-8B4A-11D0-8D11-00A0C91BC942}") = "INSTALL", "INSTALL.vcxproj", "{719A6549-388E-341E-9B2A-D32949DB4847}"
	ProjectSection(ProjectDependencies) = postProject
		{CFBA810B-439F-353D-9698-CB4A220DA83F} = {CFBA810B-439F-353D-9698-CB4A220DA83F}
		{F4AFABEB-367A-3E2F-A9FB-AA90A695647E} = {F4AFABEB-367A-3E2F-A9FB-AA90A695647E}
	EndProjectSection
EndProject
Project("{8BC9CEB8-8B4A-11D0-8D11-00A0C91BC942}") = "RUN_TESTS", "RUN_TESTS.vcxproj", "{BC078913-AD2D-3F53-B600-AC60431D089F}"
	ProjectSection(ProjectDependencies) = postProject
		{F4AFABEB-367A-3E2F-A9FB-AA90A695647E} = {F4AFABEB-367A-3E2F-A9FB-AA90A695647E}
	EndProjectSection
EndProject
Project("{8BC9CEB8-8B4A-11D0-8D11-00A0C91BC942}") = "ZERO_CHECK", "ZERO_CHECK.vcxproj", "{F4AFABEB-367A-3E2F-A9FB-AA90A695647E}"
	ProjectSection(ProjectDependencies) = postProject
	EndProjectSection
EndProject
Project("{8BC9CEB8-8B4A-11D0-8D11-00A0C91BC942}") = "example", "example.vcxproj", "{FD55FD48-5708-36D9-BB41-F4DF16BED161}"
	ProjectSection(ProjectDependencies) = postProject
		{F4AFABEB-367A-3E2F-A9FB-AA90A695647E} = {F4AFABEB-367A-3E2F-A9FB-AA90A695647E}
		{DEE559AF-6B50-3B56-9F52-E60B8A409BF8} = {DEE559AF-6B50-3B56-9F52-E60B8A409BF8}
	EndProjectSection
EndProject
Project("{8BC9CEB8-8B4A-11D0-8D11-00A0C91BC942}") = "minigzip", "minigzip.vcxproj", "{6C1A44ED-9E28-3783-93C3-54D1F167B4A1}"
	ProjectSection(ProjectDependencies) = postProject
		{F4AFABEB-367A-3E2F-A9FB-AA90A695647E} = {F4AFABEB-367A-3E2F-A9FB-AA90A695647E}
		{DEE559AF-6B50-3B56-9F52-E60B8A409BF8} = {DEE559AF-6B50-3B56-9F52-E60B8A409BF8}
	EndProjectSection
EndProject
Project("{8BC9CEB8-8B4A-11D0-8D11-00A0C91BC942}") = "zlib", "zlib.vcxproj", "{DEE559AF-6B50-3B56-9F52-E60B8A409BF8}"
	ProjectSection(ProjectDependencies) = postProject
		{F4AFABEB-367A-3E2F-A9FB-AA90A695647E} = {F4AFABEB-367A-3E2F-A9FB-AA90A695647E}
	EndProjectSection
EndProject
Project("{8BC9CEB8-8B4A-11D0-8D11-00A0C91BC942}") = "zlibstatic", "zlibstatic.vcxproj", "{00CEDF58-82D3-3DD3-B965-0D8DCFBB8E2B}"
	ProjectSection(ProjectDependencies) = postProject
		{F4AFABEB-367A-3E2F-A9FB-AA90A695647E} = {F4AFABEB-367A-3E2F-A9FB-AA90A695647E}
	EndProjectSection
EndProject
Global
	GlobalSection(SolutionConfigurationPlatforms) = preSolution
		Debug|x64 = Debug|x64
		Release|x64 = Release|x64
		MinSizeRel|x64 = MinSizeRel|x64
		RelWithDebInfo|x64 = RelWithDebInfo|x64
	EndGlobalSection
	GlobalSection(ProjectConfigurationPlatforms) = postSolution
		{CFBA810B-439F-353D-9698-CB4A220DA83F}.Debug|x64.ActiveCfg = Debug|x64
		{CFBA810B-439F-353D-9698-CB4A220DA83F}.Debug|x64.Build.0 = Debug|x64
		{CFBA810B-439F-353D-9698-CB4A220DA83F}.Release|x64.ActiveCfg = Release|x64
		{CFBA810B-439F-353D-9698-CB4A220DA83F}.Release|x64.Build.0 = Release|x64
		{CFBA810B-439F-353D-9698-CB4A220DA83F}.MinSizeRel|x64.ActiveCfg = MinSizeRel|x64
		{CFBA810B-439F-353D-9698-CB4A220DA83F}.MinSizeRel|x64.Build.0 = MinSizeRel|x64
		{CFBA810B-439F-353D-9698-CB4A220DA83F}.RelWithDebInfo|x64.ActiveCfg = RelWithDebInfo|x64
		{CFBA810B-439F-353D-9698-CB4A220DA83F}.RelWithDebInfo|x64.Build.0 = RelWithDebInfo|x64
		{719A6549-388E-341E-9B2A-D32949DB4847}.Debug|x64.ActiveCfg = Debug|x64
		{719A6549-388E-341E-9B2A-D32949DB4847}.Release|x64.ActiveCfg = Release|x64
		{719A6549-388E-341E-9B2A-D32949DB4847}.MinSizeRel|x64.ActiveCfg = MinSizeRel|x64
		{719A6549-388E-341E-9B2A-D32949DB4847}.RelWithDebInfo|x64.ActiveCfg = RelWithDebInfo|x64
		{BC078913-AD2D-3F53-B600-AC60431D089F}.Debug|x64.ActiveCfg = Debug|x64
		{BC078913-AD2D-3F53-B600-AC60431D089F}.Release|x64.ActiveCfg = Release|x64
		{BC078913-AD2D-3F53-B600-AC60431D089F}.MinSizeRel|x64.ActiveCfg = MinSizeRel|x64
		{BC078913-AD2D-3F53-B600-AC60431D089F}.RelWithDebInfo|x64.ActiveCfg = RelWithDebInfo|x64
		{F4AFABEB-367A-3E2F-A9FB-AA90A695647E}.Debug|x64.ActiveCfg = Debug|x64
		{F4AFABEB-367A-3E2F-A9FB-AA90A695647E}.Debug|x64.Build.0 = Debug|x64
		{F4AFABEB-367A-3E2F-A9FB-AA90A695647E}.Release|x64.ActiveCfg = Release|x64
		{F4AFABEB-367A-3E2F-A9FB-AA90A695647E}.Release|x64.Build.0 = Release|x64
		{F4AFABEB-367A-3E2F-A9FB-AA90A695647E}.MinSizeRel|x64.ActiveCfg = MinSizeRel|x64
		{F4AFABEB-367A-3E2F-A9FB-AA90A695647E}.MinSizeRel|x64.Build.0 = MinSizeRel|x64
		{F4AFABEB-367A-3E2F-A9FB-AA90A695647E}.RelWithDebInfo|x64.ActiveCfg = RelWithDebInfo|x64
		{F4AFABEB-367A-3E2F-A9FB-AA90A695647E}.RelWithDebInfo|x64.Build.0 = RelWithDebInfo|x64
		{FD55FD48-5708-36D9-BB41-F4DF16BED161}.Debug|x64.ActiveCfg = Debug|x64
		{FD55FD48-5708-36D9-BB41-F4DF16BED161}.Debug|x64.Build.0 = Debug|x64
		{FD55FD48-5708-36D9-BB41-F4DF16BED161}.Release|x64.ActiveCfg = Release|x64
		{FD55FD48-5708-36D9-BB41-F4DF16BED161}.Release|x64.Build.0 = Release|x64
		{FD55FD48-5708-36D9-BB41-F4DF16BED161}.MinSizeRel|x64.ActiveCfg = MinSizeRel|x64
		{FD55FD48-5708-36D9-BB41-F4DF16BED161}.MinSizeRel|x64.Build.0 = MinSizeRel|x64
		{FD55FD48-5708-36D9-BB41-F4DF16BED161}.RelWithDebInfo|x64.ActiveCfg = RelWithDebInfo|x64
		{FD55FD48-5708-36D9-BB41-F4DF16BED161}.RelWithDebInfo|x64.Build.0 = RelWithDebInfo|x64
		{6C1A44ED-9E28-3783-93C3-54D1F167B4A1}.Debug|x64.ActiveCfg = Debug|x64
		{6C1A44ED-9E28-3783-93C3-54D1F167B4A1}.Debug|x64.Build.0 = Debug|x64
		{6C1A44ED-9E28-3783-93C3-54D1F167B4A1}.Release|x64.ActiveCfg = Release|x64
		{6C1A44ED-9E28-3783-93C3-54D1F167B4A1}.Release|x64.Build.0 = Release|x64
		{6C1A44ED-9E28-3783-93C3-54D1F167B4A1}.MinSizeRel|x64.ActiveCfg = MinSizeRel|x64
		{6C1A44ED-9E28-3783-93C3-54D1F167B4A1}.MinSizeRel|x64.Build.0 = MinSizeRel|x64
		{6C1A44ED-9E28-3783-93C3-54D1F167B4A1}.RelWithDebInfo|x64.ActiveCfg = RelWithDebInfo|x64
		{6C1A44ED-9E28-3783-93C3-54D1F167B4A1}.RelWithDebInfo|x64.Build.0 = RelWithDebInfo|x64
		{DEE559AF-6B50-3B56-9F52-E60B8A409BF8}.Debug|x64.ActiveCfg = Debug|x64
		{DEE559AF-6B50-3B56-9F52-E60B8A409BF8}.Debug|x64.Build.0 = Debug|x64
		{DEE559AF-6B50-3B56-9F52-E60B8A409BF8}.Release|x64.ActiveCfg = Release|x64
		{DEE559AF-6B50-3B56-9F52-E60B8A409BF8}.Release|x64.Build.0 = Release|x64
		{DEE559AF-6B50-3B56-9F52-E60B8A409BF8}.MinSizeRel|x64.ActiveCfg = MinSizeRel|x64
		{DEE559AF-6B50-3B56-9F52-E60B8A409BF8}.MinSizeRel|x64.Build.0 = MinSizeRel|x64
		{DEE559AF-6B50-3B56-9F52-E60B8A409BF8}.RelWithDebInfo|x64.ActiveCfg = RelWithDebInfo|x64
		{DEE559AF-6B50-3B56-9F52-E60B8A409BF8}.RelWithDebInfo|x64.Build.0 = RelWithDebInfo|x64
		{00CEDF58-82D3-3DD3-B965-0D8DCFBB8E2B}.Debug|x64.ActiveCfg = Debug|x64
		{00CEDF58-82D3-3DD3-B965-0D8DCFBB8E2B}.Debug|x64.Build.0 = Debug|x64
		{00CEDF58-82D3-3DD3-B965-0D8DCFBB8E2B}.Release|x64.ActiveCfg = Release|x64
		{00CEDF58-82D3-3DD3-B965-0D8DCFBB8E2B}.Release|x64.Build.0 = Release|x64
		{00CEDF58-82D3-3DD3-B965-0D8DCFBB8E2B}.MinSizeRel|x64.ActiveCfg = MinSizeRel|x64
		{00CEDF58-82D3-3DD3-B965-0D8DCFBB8E2B}.MinSizeRel|x64.Build.0 = MinSizeRel|x64
		{00CEDF58-82D3-3DD3-B965-0D8DCFBB8E2B}.RelWithDebInfo|x64.ActiveCfg = RelWithDebInfo|x64
		{00CEDF58-82D3-3DD3-B965-0D8DCFBB8E2B}.RelWithDebInfo|x64.Build.0 = RelWithDebInfo|x64
	EndGlobalSection
	GlobalSection(ExtensibilityGlobals) = postSolution
		SolutionGuid = {5AB11916-A7CE-3387-8585-B83BA3227EC3}
	EndGlobalSection
	GlobalSection(ExtensibilityAddIns) = postSolution
	EndGlobalSection
EndGlobal
