Microsoft Visual Studio Solution File, Format Version 12.00
# Visual Studio 16
Project("{8BC9CEB8-8B4A-11D0-8D11-00A0C91BC942}") = "ALL_BUILD", "ALL_BUILD.vcxproj", "{B66C3772-9DEA-3587-9A10-E8740A1312F3}"
	ProjectSection(ProjectDependencies) = postProject
		{931A02B9-B51A-3BD3-B678-72EF76C62478} = {931A02B9-B51A-3BD3-B678-72EF76C62478}
		{99175A24-72DE-3341-82B9-A0C578E51C52} = {99175A24-72DE-3341-82B9-A0C578E51C52}
		{732F22C5-7D51-34AB-8AB4-E1BDC56B35B5} = {732F22C5-7D51-34AB-8AB4-E1BDC56B35B5}
		{65E49A3B-69C7-3154-B9B2-FFC4B2B2C5B4} = {65E49A3B-69C7-3154-B9B2-FFC4B2B2C5B4}
		{646B7A0A-DF86-3C7C-A467-907A92DB3286} = {646B7A0A-DF86-3C7C-A467-907A92DB3286}
	EndProjectSection
EndProject
Project("{8BC9CEB8-8B4A-11D0-8D11-00A0C91BC942}") = "INSTALL", "INSTALL.vcxproj", "{1FF567AA-43C3-3A9C-9A9C-8D1D3F922F22}"
	ProjectSection(ProjectDependencies) = postProject
		{B66C3772-9DEA-3587-9A10-E8740A1312F3} = {B66C3772-9DEA-3587-9A10-E8740A1312F3}
		{931A02B9-B51A-3BD3-B678-72EF76C62478} = {931A02B9-B51A-3BD3-B678-72EF76C62478}
	EndProjectSection
EndProject
Project("{8BC9CEB8-8B4A-11D0-8D11-00A0C91BC942}") = "RUN_TESTS", "RUN_TESTS.vcxproj", "{5C49C6F2-8286-32FF-9140-785F84E7D6A7}"
	ProjectSection(ProjectDependencies) = postProject
		{931A02B9-B51A-3BD3-B678-72EF76C62478} = {931A02B9-B51A-3BD3-B678-72EF76C62478}
	EndProjectSection
EndProject
Project("{8BC9CEB8-8B4A-11D0-8D11-00A0C91BC942}") = "ZERO_CHECK", "ZERO_CHECK.vcxproj", "{931A02B9-B51A-3BD3-B678-72EF76C62478}"
	ProjectSection(ProjectDependencies) = postProject
	EndProjectSection
EndProject
Project("{8BC9CEB8-8B4A-11D0-8D11-00A0C91BC942}") = "example", "example.vcxproj", "{99175A24-72DE-3341-82B9-A0C578E51C52}"
	ProjectSection(ProjectDependencies) = postProject
		{931A02B9-B51A-3BD3-B678-72EF76C62478} = {931A02B9-B51A-3BD3-B678-72EF76C62478}
		{65E49A3B-69C7-3154-B9B2-FFC4B2B2C5B4} = {65E49A3B-69C7-3154-B9B2-FFC4B2B2C5B4}
	EndProjectSection
EndProject
Project("{8BC9CEB8-8B4A-11D0-8D11-00A0C91BC942}") = "minigzip", "minigzip.vcxproj", "{732F22C5-7D51-34AB-8AB4-E1BDC56B35B5}"
	ProjectSection(ProjectDependencies) = postProject
		{931A02B9-B51A-3BD3-B678-72EF76C62478} = {931A02B9-B51A-3BD3-B678-72EF76C62478}
		{65E49A3B-69C7-3154-B9B2-FFC4B2B2C5B4} = {65E49A3B-69C7-3154-B9B2-FFC4B2B2C5B4}
	EndProjectSection
EndProject
Project("{8BC9CEB8-8B4A-11D0-8D11-00A0C91BC942}") = "zlib", "zlib.vcxproj", "{65E49A3B-69C7-3154-B9B2-FFC4B2B2C5B4}"
	ProjectSection(ProjectDependencies) = postProject
		{931A02B9-B51A-3BD3-B678-72EF76C62478} = {931A02B9-B51A-3BD3-B678-72EF76C62478}
	EndProjectSection
EndProject
Project("{8BC9CEB8-8B4A-11D0-8D11-00A0C91BC942}") = "zlibstatic", "zlibstatic.vcxproj", "{646B7A0A-DF86-3C7C-A467-907A92DB3286}"
	ProjectSection(ProjectDependencies) = postProject
		{931A02B9-B51A-3BD3-B678-72EF76C62478} = {931A02B9-B51A-3BD3-B678-72EF76C62478}
	EndProjectSection
EndProject
Global
	GlobalSection(SolutionConfigurationPlatforms) = preSolution
		Debug|x64 = Debug|x64
		Release|x64 = Release|x64
		MinSizeRel|x64 = MinSizeRel|x64
		RelWithDebInfo|x64 = RelWithDebInfo|x64
	EndGlobalSection
	GlobalSection(ProjectConfigurationPlatforms) = postSolution
		{B66C3772-9DEA-3587-9A10-E8740A1312F3}.Debug|x64.ActiveCfg = Debug|x64
		{B66C3772-9DEA-3587-9A10-E8740A1312F3}.Debug|x64.Build.0 = Debug|x64
		{B66C3772-9DEA-3587-9A10-E8740A1312F3}.Release|x64.ActiveCfg = Release|x64
		{B66C3772-9DEA-3587-9A10-E8740A1312F3}.Release|x64.Build.0 = Release|x64
		{B66C3772-9DEA-3587-9A10-E8740A1312F3}.MinSizeRel|x64.ActiveCfg = MinSizeRel|x64
		{B66C3772-9DEA-3587-9A10-E8740A1312F3}.MinSizeRel|x64.Build.0 = MinSizeRel|x64
		{B66C3772-9DEA-3587-9A10-E8740A1312F3}.RelWithDebInfo|x64.ActiveCfg = RelWithDebInfo|x64
		{B66C3772-9DEA-3587-9A10-E8740A1312F3}.RelWithDebInfo|x64.Build.0 = RelWithDebInfo|x64
		{1FF567AA-43C3-3A9C-9A9C-8D1D3F922F22}.Debug|x64.ActiveCfg = Debug|x64
		{1FF567AA-43C3-3A9C-9A9C-8D1D3F922F22}.Release|x64.ActiveCfg = Release|x64
		{1FF567AA-43C3-3A9C-9A9C-8D1D3F922F22}.MinSizeRel|x64.ActiveCfg = MinSizeRel|x64
		{1FF567AA-43C3-3A9C-9A9C-8D1D3F922F22}.RelWithDebInfo|x64.ActiveCfg = RelWithDebInfo|x64
		{5C49C6F2-8286-32FF-9140-785F84E7D6A7}.Debug|x64.ActiveCfg = Debug|x64
		{5C49C6F2-8286-32FF-9140-785F84E7D6A7}.Release|x64.ActiveCfg = Release|x64
		{5C49C6F2-8286-32FF-9140-785F84E7D6A7}.MinSizeRel|x64.ActiveCfg = MinSizeRel|x64
		{5C49C6F2-8286-32FF-9140-785F84E7D6A7}.RelWithDebInfo|x64.ActiveCfg = RelWithDebInfo|x64
		{931A02B9-B51A-3BD3-B678-72EF76C62478}.Debug|x64.ActiveCfg = Debug|x64
		{931A02B9-B51A-3BD3-B678-72EF76C62478}.Debug|x64.Build.0 = Debug|x64
		{931A02B9-B51A-3BD3-B678-72EF76C62478}.Release|x64.ActiveCfg = Release|x64
		{931A02B9-B51A-3BD3-B678-72EF76C62478}.Release|x64.Build.0 = Release|x64
		{931A02B9-B51A-3BD3-B678-72EF76C62478}.MinSizeRel|x64.ActiveCfg = MinSizeRel|x64
		{931A02B9-B51A-3BD3-B678-72EF76C62478}.MinSizeRel|x64.Build.0 = MinSizeRel|x64
		{931A02B9-B51A-3BD3-B678-72EF76C62478}.RelWithDebInfo|x64.ActiveCfg = RelWithDebInfo|x64
		{931A02B9-B51A-3BD3-B678-72EF76C62478}.RelWithDebInfo|x64.Build.0 = RelWithDebInfo|x64
		{99175A24-72DE-3341-82B9-A0C578E51C52}.Debug|x64.ActiveCfg = Debug|x64
		{99175A24-72DE-3341-82B9-A0C578E51C52}.Debug|x64.Build.0 = Debug|x64
		{99175A24-72DE-3341-82B9-A0C578E51C52}.Release|x64.ActiveCfg = Release|x64
		{99175A24-72DE-3341-82B9-A0C578E51C52}.Release|x64.Build.0 = Release|x64
		{99175A24-72DE-3341-82B9-A0C578E51C52}.MinSizeRel|x64.ActiveCfg = MinSizeRel|x64
		{99175A24-72DE-3341-82B9-A0C578E51C52}.MinSizeRel|x64.Build.0 = MinSizeRel|x64
		{99175A24-72DE-3341-82B9-A0C578E51C52}.RelWithDebInfo|x64.ActiveCfg = RelWithDebInfo|x64
		{99175A24-72DE-3341-82B9-A0C578E51C52}.RelWithDebInfo|x64.Build.0 = RelWithDebInfo|x64
		{732F22C5-7D51-34AB-8AB4-E1BDC56B35B5}.Debug|x64.ActiveCfg = Debug|x64
		{732F22C5-7D51-34AB-8AB4-E1BDC56B35B5}.Debug|x64.Build.0 = Debug|x64
		{732F22C5-7D51-34AB-8AB4-E1BDC56B35B5}.Release|x64.ActiveCfg = Release|x64
		{732F22C5-7D51-34AB-8AB4-E1BDC56B35B5}.Release|x64.Build.0 = Release|x64
		{732F22C5-7D51-34AB-8AB4-E1BDC56B35B5}.MinSizeRel|x64.ActiveCfg = MinSizeRel|x64
		{732F22C5-7D51-34AB-8AB4-E1BDC56B35B5}.MinSizeRel|x64.Build.0 = MinSizeRel|x64
		{732F22C5-7D51-34AB-8AB4-E1BDC56B35B5}.RelWithDebInfo|x64.ActiveCfg = RelWithDebInfo|x64
		{732F22C5-7D51-34AB-8AB4-E1BDC56B35B5}.RelWithDebInfo|x64.Build.0 = RelWithDebInfo|x64
		{65E49A3B-69C7-3154-B9B2-FFC4B2B2C5B4}.Debug|x64.ActiveCfg = Debug|x64
		{65E49A3B-69C7-3154-B9B2-FFC4B2B2C5B4}.Debug|x64.Build.0 = Debug|x64
		{65E49A3B-69C7-3154-B9B2-FFC4B2B2C5B4}.Release|x64.ActiveCfg = Release|x64
		{65E49A3B-69C7-3154-B9B2-FFC4B2B2C5B4}.Release|x64.Build.0 = Release|x64
		{65E49A3B-69C7-3154-B9B2-FFC4B2B2C5B4}.MinSizeRel|x64.ActiveCfg = MinSizeRel|x64
		{65E49A3B-69C7-3154-B9B2-FFC4B2B2C5B4}.MinSizeRel|x64.Build.0 = MinSizeRel|x64
		{65E49A3B-69C7-3154-B9B2-FFC4B2B2C5B4}.RelWithDebInfo|x64.ActiveCfg = RelWithDebInfo|x64
		{65E49A3B-69C7-3154-B9B2-FFC4B2B2C5B4}.RelWithDebInfo|x64.Build.0 = RelWithDebInfo|x64
		{646B7A0A-DF86-3C7C-A467-907A92DB3286}.Debug|x64.ActiveCfg = Debug|x64
		{646B7A0A-DF86-3C7C-A467-907A92DB3286}.Debug|x64.Build.0 = Debug|x64
		{646B7A0A-DF86-3C7C-A467-907A92DB3286}.Release|x64.ActiveCfg = Release|x64
		{646B7A0A-DF86-3C7C-A467-907A92DB3286}.Release|x64.Build.0 = Release|x64
		{646B7A0A-DF86-3C7C-A467-907A92DB3286}.MinSizeRel|x64.ActiveCfg = MinSizeRel|x64
		{646B7A0A-DF86-3C7C-A467-907A92DB3286}.MinSizeRel|x64.Build.0 = MinSizeRel|x64
		{646B7A0A-DF86-3C7C-A467-907A92DB3286}.RelWithDebInfo|x64.ActiveCfg = RelWithDebInfo|x64
		{646B7A0A-DF86-3C7C-A467-907A92DB3286}.RelWithDebInfo|x64.Build.0 = RelWithDebInfo|x64
	EndGlobalSection
	GlobalSection(ExtensibilityGlobals) = postSolution
		SolutionGuid = {112F18AE-3528-3F26-865F-0E13CBD33609}
	EndGlobalSection
	GlobalSection(ExtensibilityAddIns) = postSolution
	EndGlobalSection
EndGlobal
